// !$*UTF8*$!
{
	archiveVersion = 1;
	classes = {
	};
	objectVersion = 55;
	objects = {

/* Begin PBXBuildFile section */
		2C2C8807277C876D0028E592 /* Logger+extensions.swift in Sources */ = {isa = PBXBuildFile; fileRef = 2C2C8806277C876D0028E592 /* Logger+extensions.swift */; };
		2C2C880A277C8BD30028E592 /* InterestPlace.swift in Sources */ = {isa = PBXBuildFile; fileRef = 2C2C8809277C8BD30028E592 /* InterestPlace.swift */; };
		2C3E88C2277B5FF30040681E /* ShrimpExtensions in Frameworks */ = {isa = PBXBuildFile; productRef = 2C3E88C1277B5FF30040681E /* ShrimpExtensions */; };
		2C517A2E277C7E910033F791 /* HomeScreen.swift in Sources */ = {isa = PBXBuildFile; fileRef = 2C517A2D277C7E910033F791 /* HomeScreen.swift */; };
		2C517A30277C7F220033F791 /* Config.swift in Sources */ = {isa = PBXBuildFile; fileRef = 2C517A2F277C7F220033F791 /* Config.swift */; };
		2C517A34277C805C0033F791 /* HomeScreen+ViewModel.swift in Sources */ = {isa = PBXBuildFile; fileRef = 2C517A33277C805C0033F791 /* HomeScreen+ViewModel.swift */; };
		2C517A36277C83100033F791 /* Features.swift in Sources */ = {isa = PBXBuildFile; fileRef = 2C517A35277C83100033F791 /* Features.swift */; };
		2C748783277DD0E200E78934 /* LocationManager.swift in Sources */ = {isa = PBXBuildFile; fileRef = 2C748782277DD0E200E78934 /* LocationManager.swift */; };
		2C748785277DE4B100E78934 /* StackNavigator.swift in Sources */ = {isa = PBXBuildFile; fileRef = 2C748784277DE4B100E78934 /* StackNavigator.swift */; };
		2C748787277DE50300E78934 /* View+extensions.swift in Sources */ = {isa = PBXBuildFile; fileRef = 2C748786277DE50300E78934 /* View+extensions.swift */; };
		2C748789277DE68100E78934 /* DetailsScreen.swift in Sources */ = {isa = PBXBuildFile; fileRef = 2C748788277DE68100E78934 /* DetailsScreen.swift */; };
		2C74878B277DEFCA00E78934 /* DetailsScreen+ViewModel.swift in Sources */ = {isa = PBXBuildFile; fileRef = 2C74878A277DEFCA00E78934 /* DetailsScreen+ViewModel.swift */; };
		2C74878D277E0A7300E78934 /* DetailsCategoriesSection.swift in Sources */ = {isa = PBXBuildFile; fileRef = 2C74878C277E0A7300E78934 /* DetailsCategoriesSection.swift */; };
		2C74878F277E0CFC00E78934 /* Array+extensions.swift in Sources */ = {isa = PBXBuildFile; fileRef = 2C74878E277E0CFC00E78934 /* Array+extensions.swift */; };
		2C748791277E0F1E00E78934 /* DetailsLocationSection.swift in Sources */ = {isa = PBXBuildFile; fileRef = 2C748790277E0F1E00E78934 /* DetailsLocationSection.swift */; };
		2C748793277E192100E78934 /* DetailsTipsSection.swift in Sources */ = {isa = PBXBuildFile; fileRef = 2C748792277E192100E78934 /* DetailsTipsSection.swift */; };
		2CCCCA0D277B3C34006185EA /* InterestAroundMeApp.swift in Sources */ = {isa = PBXBuildFile; fileRef = 2CCCCA0C277B3C34006185EA /* InterestAroundMeApp.swift */; };
		2CCCCA0F277B3C34006185EA /* ContentView.swift in Sources */ = {isa = PBXBuildFile; fileRef = 2CCCCA0E277B3C34006185EA /* ContentView.swift */; };
		2CCCCA11277B3C3C006185EA /* Assets.xcassets in Resources */ = {isa = PBXBuildFile; fileRef = 2CCCCA10277B3C3C006185EA /* Assets.xcassets */; };
		2CCCCA14277B3C3C006185EA /* Preview Assets.xcassets in Resources */ = {isa = PBXBuildFile; fileRef = 2CCCCA13277B3C3C006185EA /* Preview Assets.xcassets */; };
		2CCCCA16277B3C3C006185EA /* Persistence.swift in Sources */ = {isa = PBXBuildFile; fileRef = 2CCCCA15277B3C3C006185EA /* Persistence.swift */; };
		2CCCCA19277B3C3C006185EA /* InterestAroundMe.xcdatamodeld in Sources */ = {isa = PBXBuildFile; fileRef = 2CCCCA17277B3C3C006185EA /* InterestAroundMe.xcdatamodeld */; };
		2CCCCA23277B3C8B006185EA /* IAMNetworker in Frameworks */ = {isa = PBXBuildFile; productRef = 2CCCCA22277B3C8B006185EA /* IAMNetworker */; };
		2CDDD5B6277C84D400B9C303 /* PopperUp in Frameworks */ = {isa = PBXBuildFile; productRef = 2CDDD5B5277C84D400B9C303 /* PopperUp */; };
		2CDDD5B9277C84F200B9C303 /* SalmonUI in Frameworks */ = {isa = PBXBuildFile; productRef = 2CDDD5B8277C84F200B9C303 /* SalmonUI */; };
/* End PBXBuildFile section */

/* Begin PBXFileReference section */
		2C2C8806277C876D0028E592 /* Logger+extensions.swift */ = {isa = PBXFileReference; lastKnownFileType = sourcecode.swift; path = "Logger+extensions.swift"; sourceTree = "<group>"; };
		2C2C8809277C8BD30028E592 /* InterestPlace.swift */ = {isa = PBXFileReference; lastKnownFileType = sourcecode.swift; path = InterestPlace.swift; sourceTree = "<group>"; };
		2C2C880E277CA20E0028E592 /* Info.plist */ = {isa = PBXFileReference; lastKnownFileType = text.plist; path = Info.plist; sourceTree = "<group>"; };
		2C517A2D277C7E910033F791 /* HomeScreen.swift */ = {isa = PBXFileReference; lastKnownFileType = sourcecode.swift; path = HomeScreen.swift; sourceTree = "<group>"; };
		2C517A2F277C7F220033F791 /* Config.swift */ = {isa = PBXFileReference; lastKnownFileType = sourcecode.swift; path = Config.swift; sourceTree = "<group>"; };
		2C517A33277C805C0033F791 /* HomeScreen+ViewModel.swift */ = {isa = PBXFileReference; lastKnownFileType = sourcecode.swift; path = "HomeScreen+ViewModel.swift"; sourceTree = "<group>"; };
		2C517A35277C83100033F791 /* Features.swift */ = {isa = PBXFileReference; lastKnownFileType = sourcecode.swift; path = Features.swift; sourceTree = "<group>"; };
		2C748782277DD0E200E78934 /* LocationManager.swift */ = {isa = PBXFileReference; lastKnownFileType = sourcecode.swift; path = LocationManager.swift; sourceTree = "<group>"; };
		2C748784277DE4B100E78934 /* StackNavigator.swift */ = {isa = PBXFileReference; lastKnownFileType = sourcecode.swift; path = StackNavigator.swift; sourceTree = "<group>"; };
		2C748786277DE50300E78934 /* View+extensions.swift */ = {isa = PBXFileReference; lastKnownFileType = sourcecode.swift; path = "View+extensions.swift"; sourceTree = "<group>"; };
		2C748788277DE68100E78934 /* DetailsScreen.swift */ = {isa = PBXFileReference; lastKnownFileType = sourcecode.swift; path = DetailsScreen.swift; sourceTree = "<group>"; };
		2C74878A277DEFCA00E78934 /* DetailsScreen+ViewModel.swift */ = {isa = PBXFileReference; lastKnownFileType = sourcecode.swift; path = "DetailsScreen+ViewModel.swift"; sourceTree = "<group>"; };
		2C74878C277E0A7300E78934 /* DetailsCategoriesSection.swift */ = {isa = PBXFileReference; lastKnownFileType = sourcecode.swift; path = DetailsCategoriesSection.swift; sourceTree = "<group>"; };
		2C74878E277E0CFC00E78934 /* Array+extensions.swift */ = {isa = PBXFileReference; lastKnownFileType = sourcecode.swift; path = "Array+extensions.swift"; sourceTree = "<group>"; };
		2C748790277E0F1E00E78934 /* DetailsLocationSection.swift */ = {isa = PBXFileReference; lastKnownFileType = sourcecode.swift; path = DetailsLocationSection.swift; sourceTree = "<group>"; };
		2C748792277E192100E78934 /* DetailsTipsSection.swift */ = {isa = PBXFileReference; lastKnownFileType = sourcecode.swift; path = DetailsTipsSection.swift; sourceTree = "<group>"; };
		2CB2E632277B57FB00442AFB /* README.md */ = {isa = PBXFileReference; lastKnownFileType = net.daringfireball.markdown; path = README.md; sourceTree = "<group>"; };
		2CB2E633277B581400442AFB /* pre_compile.sh */ = {isa = PBXFileReference; lastKnownFileType = text.script.sh; path = pre_compile.sh; sourceTree = "<group>"; };
		2CB2E636277B5F3900442AFB /* URLs.playground */ = {isa = PBXFileReference; lastKnownFileType = file.playground; path = URLs.playground; sourceTree = "<group>"; xcLanguageSpecificationIdentifier = xcode.lang.swift; };
		2CCCCA09277B3C33006185EA /* Interests.app */ = {isa = PBXFileReference; explicitFileType = wrapper.application; includeInIndex = 0; path = Interests.app; sourceTree = BUILT_PRODUCTS_DIR; };
		2CCCCA0C277B3C34006185EA /* InterestAroundMeApp.swift */ = {isa = PBXFileReference; lastKnownFileType = sourcecode.swift; path = InterestAroundMeApp.swift; sourceTree = "<group>"; };
		2CCCCA0E277B3C34006185EA /* ContentView.swift */ = {isa = PBXFileReference; lastKnownFileType = sourcecode.swift; path = ContentView.swift; sourceTree = "<group>"; };
		2CCCCA10277B3C3C006185EA /* Assets.xcassets */ = {isa = PBXFileReference; lastKnownFileType = folder.assetcatalog; path = Assets.xcassets; sourceTree = "<group>"; };
		2CCCCA13277B3C3C006185EA /* Preview Assets.xcassets */ = {isa = PBXFileReference; lastKnownFileType = folder.assetcatalog; path = "Preview Assets.xcassets"; sourceTree = "<group>"; };
		2CCCCA15277B3C3C006185EA /* Persistence.swift */ = {isa = PBXFileReference; lastKnownFileType = sourcecode.swift; path = Persistence.swift; sourceTree = "<group>"; };
		2CCCCA18277B3C3C006185EA /* InterestAroundMe.xcdatamodel */ = {isa = PBXFileReference; lastKnownFileType = wrapper.xcdatamodel; path = InterestAroundMe.xcdatamodel; sourceTree = "<group>"; };
		2CCCCA20277B3C70006185EA /* IAMNetworker */ = {isa = PBXFileReference; lastKnownFileType = wrapper; path = IAMNetworker; sourceTree = "<group>"; };
/* End PBXFileReference section */

/* Begin PBXFrameworksBuildPhase section */
		2CCCCA06277B3C33006185EA /* Frameworks */ = {
			isa = PBXFrameworksBuildPhase;
			buildActionMask = 2147483647;
			files = (
				2CDDD5B9277C84F200B9C303 /* SalmonUI in Frameworks */,
				2CCCCA23277B3C8B006185EA /* IAMNetworker in Frameworks */,
				2CDDD5B6277C84D400B9C303 /* PopperUp in Frameworks */,
				2C3E88C2277B5FF30040681E /* ShrimpExtensions in Frameworks */,
			);
			runOnlyForDeploymentPostprocessing = 0;
		};
/* End PBXFrameworksBuildPhase section */

/* Begin PBXGroup section */
		2C2C8805277C875C0028E592 /* Extensions */ = {
			isa = PBXGroup;
			children = (
				2C2C8806277C876D0028E592 /* Logger+extensions.swift */,
				2C74878E277E0CFC00E78934 /* Array+extensions.swift */,
				2C748786277DE50300E78934 /* View+extensions.swift */,
			);
			path = Extensions;
			sourceTree = "<group>";
		};
		2C2C8808277C8BC40028E592 /* SupportingViews */ = {
			isa = PBXGroup;
			children = (
				2C74878C277E0A7300E78934 /* DetailsCategoriesSection.swift */,
				2C748790277E0F1E00E78934 /* DetailsLocationSection.swift */,
				2C748792277E192100E78934 /* DetailsTipsSection.swift */,
				2C2C8809277C8BD30028E592 /* InterestPlace.swift */,
			);
			path = SupportingViews;
			sourceTree = "<group>";
		};
		2C517A2B277C7E6C0033F791 /* View */ = {
			isa = PBXGroup;
			children = (
				2C517A2C277C7E800033F791 /* Screens */,
				2C2C8808277C8BC40028E592 /* SupportingViews */,
			);
			path = View;
			sourceTree = "<group>";
		};
		2C517A2C277C7E800033F791 /* Screens */ = {
			isa = PBXGroup;
			children = (
				2C748788277DE68100E78934 /* DetailsScreen.swift */,
				2C517A2D277C7E910033F791 /* HomeScreen.swift */,
			);
			path = Screens;
			sourceTree = "<group>";
		};
		2C517A31277C80330033F791 /* ViewModels */ = {
			isa = PBXGroup;
			children = (
				2C74878A277DEFCA00E78934 /* DetailsScreen+ViewModel.swift */,
				2C517A33277C805C0033F791 /* HomeScreen+ViewModel.swift */,
			);
			path = ViewModels;
			sourceTree = "<group>";
		};
		2C748781277DD0B300E78934 /* Environment */ = {
			isa = PBXGroup;
			children = (
				2C748782277DD0E200E78934 /* LocationManager.swift */,
				2C748784277DE4B100E78934 /* StackNavigator.swift */,
			);
			path = Environment;
			sourceTree = "<group>";
		};
		2CB2E62E277B56BF00442AFB /* Utilities */ = {
			isa = PBXGroup;
			children = (
				2CCCCA15277B3C3C006185EA /* Persistence.swift */,
			);
			path = Utilities;
			sourceTree = "<group>";
		};
		2CB2E62F277B56CC00442AFB /* Models */ = {
			isa = PBXGroup;
			children = (
				2CB2E630277B56D200442AFB /* CoreData */,
				2C748781277DD0B300E78934 /* Environment */,
				2C517A31277C80330033F791 /* ViewModels */,
			);
			path = Models;
			sourceTree = "<group>";
		};
		2CB2E630277B56D200442AFB /* CoreData */ = {
			isa = PBXGroup;
			children = (
				2CCCCA17277B3C3C006185EA /* InterestAroundMe.xcdatamodeld */,
			);
			path = CoreData;
			sourceTree = "<group>";
		};
		2CB2E631277B57EB00442AFB /* Scripts */ = {
			isa = PBXGroup;
			children = (
				2CB2E633277B581400442AFB /* pre_compile.sh */,
			);
			path = Scripts;
			sourceTree = "<group>";
		};
		2CB2E635277B5F2600442AFB /* Playgrounds */ = {
			isa = PBXGroup;
			children = (
				2CB2E636277B5F3900442AFB /* URLs.playground */,
			);
			path = Playgrounds;
			sourceTree = "<group>";
		};
		2CCCCA00277B3C33006185EA = {
			isa = PBXGroup;
			children = (
				2CB2E632277B57FB00442AFB /* README.md */,
				2CCCCA21277B3C8B006185EA /* Frameworks */,
				2CCCCA0B277B3C33006185EA /* InterestAroundMe */,
				2CCCCA1F277B3C4D006185EA /* Packages */,
				2CB2E635277B5F2600442AFB /* Playgrounds */,
				2CCCCA0A277B3C33006185EA /* Products */,
				2CB2E631277B57EB00442AFB /* Scripts */,
			);
			sourceTree = "<group>";
		};
		2CCCCA0A277B3C33006185EA /* Products */ = {
			isa = PBXGroup;
			children = (
				2CCCCA09277B3C33006185EA /* Interests.app */,
			);
			name = Products;
			sourceTree = "<group>";
		};
		2CCCCA0B277B3C33006185EA /* InterestAroundMe */ = {
			isa = PBXGroup;
			children = (
				2C2C880E277CA20E0028E592 /* Info.plist */,
				2C517A2F277C7F220033F791 /* Config.swift */,
				2CCCCA0E277B3C34006185EA /* ContentView.swift */,
				2C517A35277C83100033F791 /* Features.swift */,
				2CCCCA0C277B3C34006185EA /* InterestAroundMeApp.swift */,
				2CCCCA10277B3C3C006185EA /* Assets.xcassets */,
				2C2C8805277C875C0028E592 /* Extensions */,
				2CB2E62F277B56CC00442AFB /* Models */,
				2CCCCA12277B3C3C006185EA /* Preview Content */,
				2CB2E62E277B56BF00442AFB /* Utilities */,
				2C517A2B277C7E6C0033F791 /* View */,
			);
			path = InterestAroundMe;
			sourceTree = "<group>";
		};
		2CCCCA12277B3C3C006185EA /* Preview Content */ = {
			isa = PBXGroup;
			children = (
				2CCCCA13277B3C3C006185EA /* Preview Assets.xcassets */,
			);
			path = "Preview Content";
			sourceTree = "<group>";
		};
		2CCCCA1F277B3C4D006185EA /* Packages */ = {
			isa = PBXGroup;
			children = (
				2CCCCA20277B3C70006185EA /* IAMNetworker */,
			);
			path = Packages;
			sourceTree = "<group>";
		};
		2CCCCA21277B3C8B006185EA /* Frameworks */ = {
			isa = PBXGroup;
			children = (
			);
			name = Frameworks;
			sourceTree = "<group>";
		};
/* End PBXGroup section */

/* Begin PBXNativeTarget section */
		2CCCCA08277B3C33006185EA /* InterestAroundMe */ = {
			isa = PBXNativeTarget;
			buildConfigurationList = 2CCCCA1C277B3C3C006185EA /* Build configuration list for PBXNativeTarget "InterestAroundMe" */;
			buildPhases = (
				2CB2E634277B584400442AFB /* Pre Compile */,
				2CCCCA05277B3C33006185EA /* Sources */,
				2CCCCA06277B3C33006185EA /* Frameworks */,
				2CCCCA07277B3C33006185EA /* Resources */,
			);
			buildRules = (
			);
			dependencies = (
			);
			name = InterestAroundMe;
			packageProductDependencies = (
				2CCCCA22277B3C8B006185EA /* IAMNetworker */,
				2C3E88C1277B5FF30040681E /* ShrimpExtensions */,
				2CDDD5B5277C84D400B9C303 /* PopperUp */,
				2CDDD5B8277C84F200B9C303 /* SalmonUI */,
			);
			productName = InterestAroundMe;
			productReference = 2CCCCA09277B3C33006185EA /* Interests.app */;
			productType = "com.apple.product-type.application";
		};
/* End PBXNativeTarget section */

/* Begin PBXProject section */
		2CCCCA01277B3C33006185EA /* Project object */ = {
			isa = PBXProject;
			attributes = {
				BuildIndependentTargetsInParallel = 1;
				LastSwiftUpdateCheck = 1320;
				LastUpgradeCheck = 1320;
				TargetAttributes = {
					2CCCCA08277B3C33006185EA = {
						CreatedOnToolsVersion = 13.2.1;
					};
				};
			};
			buildConfigurationList = 2CCCCA04277B3C33006185EA /* Build configuration list for PBXProject "InterestAroundMe" */;
			compatibilityVersion = "Xcode 13.0";
			developmentRegion = en;
			hasScannedForEncodings = 0;
			knownRegions = (
				en,
				Base,
			);
			mainGroup = 2CCCCA00277B3C33006185EA;
			packageReferences = (
				2C3E88C0277B5FF30040681E /* XCRemoteSwiftPackageReference "ShrimpExtensions" */,
				2CDDD5B4277C84D400B9C303 /* XCRemoteSwiftPackageReference "PopperUp" */,
				2CDDD5B7277C84F200B9C303 /* XCRemoteSwiftPackageReference "SalmonUI" */,
			);
			productRefGroup = 2CCCCA0A277B3C33006185EA /* Products */;
			projectDirPath = "";
			projectRoot = "";
			targets = (
				2CCCCA08277B3C33006185EA /* InterestAroundMe */,
			);
		};
/* End PBXProject section */

/* Begin PBXResourcesBuildPhase section */
		2CCCCA07277B3C33006185EA /* Resources */ = {
			isa = PBXResourcesBuildPhase;
			buildActionMask = 2147483647;
			files = (
				2CCCCA14277B3C3C006185EA /* Preview Assets.xcassets in Resources */,
				2CCCCA11277B3C3C006185EA /* Assets.xcassets in Resources */,
			);
			runOnlyForDeploymentPostprocessing = 0;
		};
/* End PBXResourcesBuildPhase section */

/* Begin PBXShellScriptBuildPhase section */
		2CB2E634277B584400442AFB /* Pre Compile */ = {
			isa = PBXShellScriptBuildPhase;
			buildActionMask = 2147483647;
			files = (
			);
			inputFileListPaths = (
			);
			inputPaths = (
			);
			name = "Pre Compile";
			outputFileListPaths = (
			);
			outputPaths = (
			);
			runOnlyForDeploymentPostprocessing = 0;
			shellPath = /bin/sh;
			shellScript = "\nsh Scripts/pre_compile.sh\n";
		};
/* End PBXShellScriptBuildPhase section */

/* Begin PBXSourcesBuildPhase section */
		2CCCCA05277B3C33006185EA /* Sources */ = {
			isa = PBXSourcesBuildPhase;
			buildActionMask = 2147483647;
			files = (
				2C517A36277C83100033F791 /* Features.swift in Sources */,
				2C74878B277DEFCA00E78934 /* DetailsScreen+ViewModel.swift in Sources */,
				2C748793277E192100E78934 /* DetailsTipsSection.swift in Sources */,
				2CCCCA16277B3C3C006185EA /* Persistence.swift in Sources */,
				2C748791277E0F1E00E78934 /* DetailsLocationSection.swift in Sources */,
				2C517A2E277C7E910033F791 /* HomeScreen.swift in Sources */,
				2C74878F277E0CFC00E78934 /* Array+extensions.swift in Sources */,
				2C748783277DD0E200E78934 /* LocationManager.swift in Sources */,
				2CCCCA0F277B3C34006185EA /* ContentView.swift in Sources */,
				2CCCCA19277B3C3C006185EA /* InterestAroundMe.xcdatamodeld in Sources */,
				2C748789277DE68100E78934 /* DetailsScreen.swift in Sources */,
				2CCCCA0D277B3C34006185EA /* InterestAroundMeApp.swift in Sources */,
				2C2C8807277C876D0028E592 /* Logger+extensions.swift in Sources */,
				2C74878D277E0A7300E78934 /* DetailsCategoriesSection.swift in Sources */,
				2C748785277DE4B100E78934 /* StackNavigator.swift in Sources */,
				2C748787277DE50300E78934 /* View+extensions.swift in Sources */,
				2C2C880A277C8BD30028E592 /* InterestPlace.swift in Sources */,
				2C517A30277C7F220033F791 /* Config.swift in Sources */,
				2C517A34277C805C0033F791 /* HomeScreen+ViewModel.swift in Sources */,
			);
			runOnlyForDeploymentPostprocessing = 0;
		};
/* End PBXSourcesBuildPhase section */

/* Begin XCBuildConfiguration section */
		2CCCCA1A277B3C3C006185EA /* Debug */ = {
			isa = XCBuildConfiguration;
			buildSettings = {
				ALWAYS_SEARCH_USER_PATHS = NO;
				CLANG_ANALYZER_NONNULL = YES;
				CLANG_ANALYZER_NUMBER_OBJECT_CONVERSION = YES_AGGRESSIVE;
				CLANG_CXX_LANGUAGE_STANDARD = "gnu++17";
				CLANG_CXX_LIBRARY = "libc++";
				CLANG_ENABLE_MODULES = YES;
				CLANG_ENABLE_OBJC_ARC = YES;
				CLANG_ENABLE_OBJC_WEAK = YES;
				CLANG_WARN_BLOCK_CAPTURE_AUTORELEASING = YES;
				CLANG_WARN_BOOL_CONVERSION = YES;
				CLANG_WARN_COMMA = YES;
				CLANG_WARN_CONSTANT_CONVERSION = YES;
				CLANG_WARN_DEPRECATED_OBJC_IMPLEMENTATIONS = YES;
				CLANG_WARN_DIRECT_OBJC_ISA_USAGE = YES_ERROR;
				CLANG_WARN_DOCUMENTATION_COMMENTS = YES;
				CLANG_WARN_EMPTY_BODY = YES;
				CLANG_WARN_ENUM_CONVERSION = YES;
				CLANG_WARN_INFINITE_RECURSION = YES;
				CLANG_WARN_INT_CONVERSION = YES;
				CLANG_WARN_NON_LITERAL_NULL_CONVERSION = YES;
				CLANG_WARN_OBJC_IMPLICIT_RETAIN_SELF = YES;
				CLANG_WARN_OBJC_LITERAL_CONVERSION = YES;
				CLANG_WARN_OBJC_ROOT_CLASS = YES_ERROR;
				CLANG_WARN_QUOTED_INCLUDE_IN_FRAMEWORK_HEADER = YES;
				CLANG_WARN_RANGE_LOOP_ANALYSIS = YES;
				CLANG_WARN_STRICT_PROTOTYPES = YES;
				CLANG_WARN_SUSPICIOUS_MOVE = YES;
				CLANG_WARN_UNGUARDED_AVAILABILITY = YES_AGGRESSIVE;
				CLANG_WARN_UNREACHABLE_CODE = YES;
				CLANG_WARN__DUPLICATE_METHOD_MATCH = YES;
				COPY_PHASE_STRIP = NO;
				DEBUG_INFORMATION_FORMAT = dwarf;
				ENABLE_STRICT_OBJC_MSGSEND = YES;
				ENABLE_TESTABILITY = YES;
				GCC_C_LANGUAGE_STANDARD = gnu11;
				GCC_DYNAMIC_NO_PIC = NO;
				GCC_NO_COMMON_BLOCKS = YES;
				GCC_OPTIMIZATION_LEVEL = 0;
				GCC_PREPROCESSOR_DEFINITIONS = (
					"DEBUG=1",
					"$(inherited)",
				);
				GCC_WARN_64_TO_32_BIT_CONVERSION = YES;
				GCC_WARN_ABOUT_RETURN_TYPE = YES_ERROR;
				GCC_WARN_UNDECLARED_SELECTOR = YES;
				GCC_WARN_UNINITIALIZED_AUTOS = YES_AGGRESSIVE;
				GCC_WARN_UNUSED_FUNCTION = YES;
				GCC_WARN_UNUSED_VARIABLE = YES;
				IPHONEOS_DEPLOYMENT_TARGET = 15.2;
				MTL_ENABLE_DEBUG_INFO = INCLUDE_SOURCE;
				MTL_FAST_MATH = YES;
				ONLY_ACTIVE_ARCH = YES;
				SDKROOT = iphoneos;
				SWIFT_ACTIVE_COMPILATION_CONDITIONS = DEBUG;
				SWIFT_OPTIMIZATION_LEVEL = "-Onone";
			};
			name = Debug;
		};
		2CCCCA1B277B3C3C006185EA /* Release */ = {
			isa = XCBuildConfiguration;
			buildSettings = {
				ALWAYS_SEARCH_USER_PATHS = NO;
				CLANG_ANALYZER_NONNULL = YES;
				CLANG_ANALYZER_NUMBER_OBJECT_CONVERSION = YES_AGGRESSIVE;
				CLANG_CXX_LANGUAGE_STANDARD = "gnu++17";
				CLANG_CXX_LIBRARY = "libc++";
				CLANG_ENABLE_MODULES = YES;
				CLANG_ENABLE_OBJC_ARC = YES;
				CLANG_ENABLE_OBJC_WEAK = YES;
				CLANG_WARN_BLOCK_CAPTURE_AUTORELEASING = YES;
				CLANG_WARN_BOOL_CONVERSION = YES;
				CLANG_WARN_COMMA = YES;
				CLANG_WARN_CONSTANT_CONVERSION = YES;
				CLANG_WARN_DEPRECATED_OBJC_IMPLEMENTATIONS = YES;
				CLANG_WARN_DIRECT_OBJC_ISA_USAGE = YES_ERROR;
				CLANG_WARN_DOCUMENTATION_COMMENTS = YES;
				CLANG_WARN_EMPTY_BODY = YES;
				CLANG_WARN_ENUM_CONVERSION = YES;
				CLANG_WARN_INFINITE_RECURSION = YES;
				CLANG_WARN_INT_CONVERSION = YES;
				CLANG_WARN_NON_LITERAL_NULL_CONVERSION = YES;
				CLANG_WARN_OBJC_IMPLICIT_RETAIN_SELF = YES;
				CLANG_WARN_OBJC_LITERAL_CONVERSION = YES;
				CLANG_WARN_OBJC_ROOT_CLASS = YES_ERROR;
				CLANG_WARN_QUOTED_INCLUDE_IN_FRAMEWORK_HEADER = YES;
				CLANG_WARN_RANGE_LOOP_ANALYSIS = YES;
				CLANG_WARN_STRICT_PROTOTYPES = YES;
				CLANG_WARN_SUSPICIOUS_MOVE = YES;
				CLANG_WARN_UNGUARDED_AVAILABILITY = YES_AGGRESSIVE;
				CLANG_WARN_UNREACHABLE_CODE = YES;
				CLANG_WARN__DUPLICATE_METHOD_MATCH = YES;
				COPY_PHASE_STRIP = NO;
				DEBUG_INFORMATION_FORMAT = "dwarf-with-dsym";
				ENABLE_NS_ASSERTIONS = NO;
				ENABLE_STRICT_OBJC_MSGSEND = YES;
				GCC_C_LANGUAGE_STANDARD = gnu11;
				GCC_NO_COMMON_BLOCKS = YES;
				GCC_WARN_64_TO_32_BIT_CONVERSION = YES;
				GCC_WARN_ABOUT_RETURN_TYPE = YES_ERROR;
				GCC_WARN_UNDECLARED_SELECTOR = YES;
				GCC_WARN_UNINITIALIZED_AUTOS = YES_AGGRESSIVE;
				GCC_WARN_UNUSED_FUNCTION = YES;
				GCC_WARN_UNUSED_VARIABLE = YES;
				IPHONEOS_DEPLOYMENT_TARGET = 15.2;
				MTL_ENABLE_DEBUG_INFO = NO;
				MTL_FAST_MATH = YES;
				SDKROOT = iphoneos;
				SWIFT_COMPILATION_MODE = wholemodule;
				SWIFT_OPTIMIZATION_LEVEL = "-O";
				VALIDATE_PRODUCT = YES;
			};
			name = Release;
		};
		2CCCCA1D277B3C3C006185EA /* Debug */ = {
			isa = XCBuildConfiguration;
			buildSettings = {
				ASSETCATALOG_COMPILER_APPICON_NAME = AppIcon;
				ASSETCATALOG_COMPILER_GLOBAL_ACCENT_COLOR_NAME = AccentColor;
				CODE_SIGN_STYLE = Automatic;
				CURRENT_PROJECT_VERSION = 1;
				DEVELOPMENT_ASSET_PATHS = "\"InterestAroundMe/Preview Content\"";
				DEVELOPMENT_TEAM = DXUKH9VF73;
				ENABLE_PREVIEWS = YES;
				GENERATE_INFOPLIST_FILE = YES;
				INFOPLIST_FILE = InterestAroundMe/Info.plist;
				INFOPLIST_KEY_UIApplicationSceneManifest_Generation = YES;
				INFOPLIST_KEY_UIApplicationSupportsIndirectInputEvents = YES;
				INFOPLIST_KEY_UILaunchScreen_Generation = YES;
				INFOPLIST_KEY_UISupportedInterfaceOrientations_iPad = "UIInterfaceOrientationPortrait UIInterfaceOrientationPortraitUpsideDown UIInterfaceOrientationLandscapeLeft UIInterfaceOrientationLandscapeRight";
				INFOPLIST_KEY_UISupportedInterfaceOrientations_iPhone = "UIInterfaceOrientationPortrait UIInterfaceOrientationLandscapeLeft UIInterfaceOrientationLandscapeRight";
				IPHONEOS_DEPLOYMENT_TARGET = 14.0;
				LD_RUNPATH_SEARCH_PATHS = (
					"$(inherited)",
					"@executable_path/Frameworks",
				);
				MARKETING_VERSION = 1.0;
				PRODUCT_BUNDLE_IDENTIFIER = io.kamaal.InterestAroundMe;
				PRODUCT_NAME = Interests;
				SWIFT_EMIT_LOC_STRINGS = YES;
				SWIFT_VERSION = 5.0;
				TARGETED_DEVICE_FAMILY = 1;
			};
			name = Debug;
		};
		2CCCCA1E277B3C3C006185EA /* Release */ = {
			isa = XCBuildConfiguration;
			buildSettings = {
				ASSETCATALOG_COMPILER_APPICON_NAME = AppIcon;
				ASSETCATALOG_COMPILER_GLOBAL_ACCENT_COLOR_NAME = AccentColor;
				CODE_SIGN_STYLE = Automatic;
				CURRENT_PROJECT_VERSION = 1;
				DEVELOPMENT_ASSET_PATHS = "\"InterestAroundMe/Preview Content\"";
				DEVELOPMENT_TEAM = DXUKH9VF73;
				ENABLE_PREVIEWS = YES;
				GENERATE_INFOPLIST_FILE = YES;
				INFOPLIST_FILE = InterestAroundMe/Info.plist;
				INFOPLIST_KEY_UIApplicationSceneManifest_Generation = YES;
				INFOPLIST_KEY_UIApplicationSupportsIndirectInputEvents = YES;
				INFOPLIST_KEY_UILaunchScreen_Generation = YES;
				INFOPLIST_KEY_UISupportedInterfaceOrientations_iPad = "UIInterfaceOrientationPortrait UIInterfaceOrientationPortraitUpsideDown UIInterfaceOrientationLandscapeLeft UIInterfaceOrientationLandscapeRight";
				INFOPLIST_KEY_UISupportedInterfaceOrientations_iPhone = "UIInterfaceOrientationPortrait UIInterfaceOrientationLandscapeLeft UIInterfaceOrientationLandscapeRight";
				IPHONEOS_DEPLOYMENT_TARGET = 14.0;
				LD_RUNPATH_SEARCH_PATHS = (
					"$(inherited)",
					"@executable_path/Frameworks",
				);
				MARKETING_VERSION = 1.0;
				PRODUCT_BUNDLE_IDENTIFIER = io.kamaal.InterestAroundMe;
				PRODUCT_NAME = Interests;
				SWIFT_EMIT_LOC_STRINGS = YES;
				SWIFT_VERSION = 5.0;
				TARGETED_DEVICE_FAMILY = 1;
			};
			name = Release;
		};
/* End XCBuildConfiguration section */

/* Begin XCConfigurationList section */
		2CCCCA04277B3C33006185EA /* Build configuration list for PBXProject "InterestAroundMe" */ = {
			isa = XCConfigurationList;
			buildConfigurations = (
				2CCCCA1A277B3C3C006185EA /* Debug */,
				2CCCCA1B277B3C3C006185EA /* Release */,
			);
			defaultConfigurationIsVisible = 0;
			defaultConfigurationName = Release;
		};
		2CCCCA1C277B3C3C006185EA /* Build configuration list for PBXNativeTarget "InterestAroundMe" */ = {
			isa = XCConfigurationList;
			buildConfigurations = (
				2CCCCA1D277B3C3C006185EA /* Debug */,
				2CCCCA1E277B3C3C006185EA /* Release */,
			);
			defaultConfigurationIsVisible = 0;
			defaultConfigurationName = Release;
		};
/* End XCConfigurationList section */

/* Begin XCRemoteSwiftPackageReference section */
		2C3E88C0277B5FF30040681E /* XCRemoteSwiftPackageReference "ShrimpExtensions" */ = {
			isa = XCRemoteSwiftPackageReference;
			repositoryURL = "https://github.com/kamaal111/ShrimpExtensions.git";
			requirement = {
				kind = upToNextMajorVersion;
				minimumVersion = 2.3.0;
			};
		};
		2CDDD5B4277C84D400B9C303 /* XCRemoteSwiftPackageReference "PopperUp" */ = {
			isa = XCRemoteSwiftPackageReference;
			repositoryURL = "https://github.com/kamaal111/PopperUp.git";
			requirement = {
				kind = upToNextMinorVersion;
				minimumVersion = 0.1.0;
			};
		};
		2CDDD5B7277C84F200B9C303 /* XCRemoteSwiftPackageReference "SalmonUI" */ = {
			isa = XCRemoteSwiftPackageReference;
			repositoryURL = "https://github.com/kamaal111/SalmonUI.git";
			requirement = {
				kind = upToNextMajorVersion;
				minimumVersion = 4.0.0;
			};
		};
/* End XCRemoteSwiftPackageReference section */

/* Begin XCSwiftPackageProductDependency section */
		2C3E88C1277B5FF30040681E /* ShrimpExtensions */ = {
			isa = XCSwiftPackageProductDependency;
			package = 2C3E88C0277B5FF30040681E /* XCRemoteSwiftPackageReference "ShrimpExtensions" */;
			productName = ShrimpExtensions;
		};
		2CCCCA22277B3C8B006185EA /* IAMNetworker */ = {
			isa = XCSwiftPackageProductDependency;
			productName = IAMNetworker;
		};
		2CDDD5B5277C84D400B9C303 /* PopperUp */ = {
			isa = XCSwiftPackageProductDependency;
			package = 2CDDD5B4277C84D400B9C303 /* XCRemoteSwiftPackageReference "PopperUp" */;
			productName = PopperUp;
		};
		2CDDD5B8277C84F200B9C303 /* SalmonUI */ = {
			isa = XCSwiftPackageProductDependency;
			package = 2CDDD5B7277C84F200B9C303 /* XCRemoteSwiftPackageReference "SalmonUI" */;
			productName = SalmonUI;
		};
/* End XCSwiftPackageProductDependency section */

/* Begin XCVersionGroup section */
		2CCCCA17277B3C3C006185EA /* InterestAroundMe.xcdatamodeld */ = {
			isa = XCVersionGroup;
			children = (
				2CCCCA18277B3C3C006185EA /* InterestAroundMe.xcdatamodel */,
			);
			currentVersion = 2CCCCA18277B3C3C006185EA /* InterestAroundMe.xcdatamodel */;
			path = InterestAroundMe.xcdatamodeld;
			sourceTree = "<group>";
			versionGroupType = wrapper.xcdatamodel;
		};
/* End XCVersionGroup section */
	};
	rootObject = 2CCCCA01277B3C33006185EA /* Project object */;
}
